
Microsoft Visual Studio Solution File, Format Version 12.00
# Visual Studio Version 17
VisualStudioVersion = 17.4.33213.308
MinimumVisualStudioVersion = 10.0.40219.1
Project("{FAE04EC0-301F-11D3-BF4B-00C04F79EFBC}") = "conselmon", "conselmon.csproj", "{148ED166-A0B1-49EE-8C6E-9380B5C4E2AE}"
EndProject
Global
	GlobalSection(SolutionConfigurationPlatforms) = preSolution
		Debug|Any CPU = Debug|Any CPU
		Release|Any CPU = Release|Any CPU
	EndGlobalSection
	GlobalSection(ProjectConfigurationPlatforms) = postSolution
		{148ED166-A0B1-49EE-8C6E-9380B5C4E2AE}.Debug|Any CPU.ActiveCfg = Debug|Any CPU
		{148ED166-A0B1-49EE-8C6E-9380B5C4E2AE}.Debug|Any CPU.Build.0 = Debug|Any CPU
		{148ED166-A0B1-49EE-8C6E-9380B5C4E2AE}.Release|Any CPU.ActiveCfg = Release|Any CPU
		{148ED166-A0B1-49EE-8C6E-9380B5C4E2AE}.Release|Any CPU.Build.0 = Release|Any CPU
	EndGlobalSection
	GlobalSection(SolutionProperties) = preSolution
		HideSolutionNode = FALSE
	EndGlobalSection
	GlobalSection(ExtensibilityGlobals) = postSolution
		SolutionGuid = {3E0E762B-D55E-42A4-AD5A-EA8AF54C532F}
	EndGlobalSection
EndGlobal
